
Microsoft Visual Studio Solution File, Format Version 12.00
# Visual Studio Version 16
VisualStudioVersion = 16.0.32228.343
MinimumVisualStudioVersion = 10.0.40219.1
Project("{FAE04EC0-301F-11D3-BF4B-00C04F79EFBC}") = "ParcialDeNatalyVillafanez.WindowsForms", "ParcialDeNatalyVillafanez.WindowsForms\ParcialDeNatalyVillafanez.WindowsForms.csproj", "{24DF1D01-C376-4949-B0BB-0DD7D56794F1}"
EndProject
Project("{FAE04EC0-301F-11D3-BF4B-00C04F79EFBC}") = "ParcialDeNatalyVillafanez.Entidades1", "ParcialDeNatalyVillafanez.Entidades1\ParcialDeNatalyVillafanez.Entidades1.csproj", "{B37111C6-C97E-4235-A057-1B524691D954}"
EndProject
Project("{FAE04EC0-301F-11D3-BF4B-00C04F79EFBC}") = "ParcialDeNatalyVillfanez.Datos", "ParcialDeNatalyVillfanez.Datos\ParcialDeNatalyVillfanez.Datos.csproj", "{640C1EAD-CC65-4CA8-9A62-E71E8BF23764}"
EndProject
Global
	GlobalSection(SolutionConfigurationPlatforms) = preSolution
		Debug|Any CPU = Debug|Any CPU
		Release|Any CPU = Release|Any CPU
	EndGlobalSection
	GlobalSection(ProjectConfigurationPlatforms) = postSolution
		{24DF1D01-C376-4949-B0BB-0DD7D56794F1}.Debug|Any CPU.ActiveCfg = Debug|Any CPU
		{24DF1D01-C376-4949-B0BB-0DD7D56794F1}.Debug|Any CPU.Build.0 = Debug|Any CPU
		{24DF1D01-C376-4949-B0BB-0DD7D56794F1}.Release|Any CPU.ActiveCfg = Release|Any CPU
		{24DF1D01-C376-4949-B0BB-0DD7D56794F1}.Release|Any CPU.Build.0 = Release|Any CPU
		{B37111C6-C97E-4235-A057-1B524691D954}.Debug|Any CPU.ActiveCfg = Debug|Any CPU
		{B37111C6-C97E-4235-A057-1B524691D954}.Debug|Any CPU.Build.0 = Debug|Any CPU
		{B37111C6-C97E-4235-A057-1B524691D954}.Release|Any CPU.ActiveCfg = Release|Any CPU
		{B37111C6-C97E-4235-A057-1B524691D954}.Release|Any CPU.Build.0 = Release|Any CPU
		{640C1EAD-CC65-4CA8-9A62-E71E8BF23764}.Debug|Any CPU.ActiveCfg = Debug|Any CPU
		{640C1EAD-CC65-4CA8-9A62-E71E8BF23764}.Debug|Any CPU.Build.0 = Debug|Any CPU
		{640C1EAD-CC65-4CA8-9A62-E71E8BF23764}.Release|Any CPU.ActiveCfg = Release|Any CPU
		{640C1EAD-CC65-4CA8-9A62-E71E8BF23764}.Release|Any CPU.Build.0 = Release|Any CPU
	EndGlobalSection
	GlobalSection(SolutionProperties) = preSolution
		HideSolutionNode = FALSE
	EndGlobalSection
	GlobalSection(ExtensibilityGlobals) = postSolution
		SolutionGuid = {DB272154-C4B7-4671-A040-EB2BF815DAF3}
	EndGlobalSection
EndGlobal
